
Microsoft Visual Studio Solution File, Format Version 12.00
# Visual Studio Version 17
VisualStudioVersion = 17.9.34511.98
MinimumVisualStudioVersion = 10.0.40219.1
Project("{FAE04EC0-301F-11D3-BF4B-00C04F79EFBC}") = "WebApplication2", "WebApplication2\WebApplication2.csproj", "{DE67E0F1-3146-45D7-A222-42CEC66D8D87}"
EndProject
Global
	GlobalSection(SolutionConfigurationPlatforms) = preSolution
		Debug|Any CPU = Debug|Any CPU
		Release|Any CPU = Release|Any CPU
	EndGlobalSection
	GlobalSection(ProjectConfigurationPlatforms) = postSolution
		{DE67E0F1-3146-45D7-A222-42CEC66D8D87}.Debug|Any CPU.ActiveCfg = Debug|Any CPU
		{DE67E0F1-3146-45D7-A222-42CEC66D8D87}.Debug|Any CPU.Build.0 = Debug|Any CPU
		{DE67E0F1-3146-45D7-A222-42CEC66D8D87}.Release|Any CPU.ActiveCfg = Release|Any CPU
		{DE67E0F1-3146-45D7-A222-42CEC66D8D87}.Release|Any CPU.Build.0 = Release|Any CPU
	EndGlobalSection
	GlobalSection(SolutionProperties) = preSolution
		HideSolutionNode = FALSE
	EndGlobalSection
	GlobalSection(ExtensibilityGlobals) = postSolution
		SolutionGuid = {D920AEF1-423B-4E7F-AEB6-FACAB0515E4F}
	EndGlobalSection
EndGlobal
